// !$*UTF8*$!
{
	archiveVersion = 1;
	classes = {
	};
	objectVersion = 46;
	objects = {

/* Begin PBXBuildFile section */
		D05E5C441DC7A4B900BEDBCF /* main.m in Sources */ = {isa = PBXBuildFile; fileRef = D05E5C431DC7A4B900BEDBCF /* main.m */; };
		D05E5C471DC7A4B900BEDBCF /* AppDelegate.m in Sources */ = {isa = PBXBuildFile; fileRef = D05E5C461DC7A4B900BEDBCF /* AppDelegate.m */; };
		D05E5C4A1DC7A4B900BEDBCF /* ViewController.m in Sources */ = {isa = PBXBuildFile; fileRef = D05E5C491DC7A4B900BEDBCF /* ViewController.m */; };
		D05E5C4D1DC7A4B900BEDBCF /* Main.storyboard in Resources */ = {isa = PBXBuildFile; fileRef = D05E5C4B1DC7A4B900BEDBCF /* Main.storyboard */; };
		D05E5C4F1DC7A4B900BEDBCF /* Assets.xcassets in Resources */ = {isa = PBXBuildFile; fileRef = D05E5C4E1DC7A4B900BEDBCF /* Assets.xcassets */; };
		D05E5C521DC7A4B900BEDBCF /* LaunchScreen.storyboard in Resources */ = {isa = PBXBuildFile; fileRef = D05E5C501DC7A4B900BEDBCF /* LaunchScreen.storyboard */; };
		D05E5C5B1DC7A4DC00BEDBCF /* CBWDigitalPayView.m in Sources */ = {isa = PBXBuildFile; fileRef = D05E5C5A1DC7A4DC00BEDBCF /* CBWDigitalPayView.m */; };
/* End PBXBuildFile section */

/* Begin PBXFileReference section */
		D05E5C3F1DC7A4B900BEDBCF /* DigitalPayCodeDemo.app */ = {isa = PBXFileReference; explicitFileType = wrapper.application; includeInIndex = 0; path = DigitalPayCodeDemo.app; sourceTree = BUILT_PRODUCTS_DIR; };
		D05E5C431DC7A4B900BEDBCF /* main.m */ = {isa = PBXFileReference; lastKnownFileType = sourcecode.c.objc; path = main.m; sourceTree = "<group>"; };
		D05E5C451DC7A4B900BEDBCF /* AppDelegate.h */ = {isa = PBXFileReference; lastKnownFileType = sourcecode.c.h; path = AppDelegate.h; sourceTree = "<group>"; };
		D05E5C461DC7A4B900BEDBCF /* AppDelegate.m */ = {isa = PBXFileReference; lastKnownFileType = sourcecode.c.objc; path = AppDelegate.m; sourceTree = "<group>"; };
		D05E5C481DC7A4B900BEDBCF /* ViewController.h */ = {isa = PBXFileReference; lastKnownFileType = sourcecode.c.h; path = ViewController.h; sourceTree = "<group>"; };
		D05E5C491DC7A4B900BEDBCF /* ViewController.m */ = {isa = PBXFileReference; lastKnownFileType = sourcecode.c.objc; path = ViewController.m; sourceTree = "<group>"; };
		D05E5C4C1DC7A4B900BEDBCF /* Base */ = {isa = PBXFileReference; lastKnownFileType = file.storyboard; name = Base; path = Base.lproj/Main.storyboard; sourceTree = "<group>"; };
		D05E5C4E1DC7A4B900BEDBCF /* Assets.xcassets */ = {isa = PBXFileReference; lastKnownFileType = folder.assetcatalog; path = Assets.xcassets; sourceTree = "<group>"; };
		D05E5C511DC7A4B900BEDBCF /* Base */ = {isa = PBXFileReference; lastKnownFileType = file.storyboard; name = Base; path = Base.lproj/LaunchScreen.storyboard; sourceTree = "<group>"; };
		D05E5C531DC7A4B900BEDBCF /* Info.plist */ = {isa = PBXFileReference; lastKnownFileType = text.plist.xml; path = Info.plist; sourceTree = "<group>"; };
		D05E5C591DC7A4DC00BEDBCF /* CBWDigitalPayView.h */ = {isa = PBXFileReference; fileEncoding = 4; lastKnownFileType = sourcecode.c.h; path = CBWDigitalPayView.h; sourceTree = "<group>"; };
		D05E5C5A1DC7A4DC00BEDBCF /* CBWDigitalPayView.m */ = {isa = PBXFileReference; fileEncoding = 4; lastKnownFileType = sourcecode.c.objc; path = CBWDigitalPayView.m; sourceTree = "<group>"; };
/* End PBXFileReference section */

/* Begin PBXFrameworksBuildPhase section */
		D05E5C3C1DC7A4B900BEDBCF /* Frameworks */ = {
			isa = PBXFrameworksBuildPhase;
			buildActionMask = 2147483647;
			files = (
			);
			runOnlyForDeploymentPostprocessing = 0;
		};
/* End PBXFrameworksBuildPhase section */

/* Begin PBXGroup section */
		D05E5C361DC7A4B900BEDBCF = {
			isa = PBXGroup;
			children = (
				D05E5C591DC7A4DC00BEDBCF /* CBWDigitalPayView.h */,
				D05E5C5A1DC7A4DC00BEDBCF /* CBWDigitalPayView.m */,
				D05E5C411DC7A4B900BEDBCF /* DigitalPayCodeDemo */,
				D05E5C401DC7A4B900BEDBCF /* Products */,
			);
			sourceTree = "<group>";
		};
		D05E5C401DC7A4B900BEDBCF /* Products */ = {
			isa = PBXGroup;
			children = (
				D05E5C3F1DC7A4B900BEDBCF /* DigitalPayCodeDemo.app */,
			);
			name = Products;
			sourceTree = "<group>";
		};
		D05E5C411DC7A4B900BEDBCF /* DigitalPayCodeDemo */ = {
			isa = PBXGroup;
			children = (
				D05E5C451DC7A4B900BEDBCF /* AppDelegate.h */,
				D05E5C461DC7A4B900BEDBCF /* AppDelegate.m */,
				D05E5C481DC7A4B900BEDBCF /* ViewController.h */,
				D05E5C491DC7A4B900BEDBCF /* ViewController.m */,
				D05E5C4B1DC7A4B900BEDBCF /* Main.storyboard */,
				D05E5C4E1DC7A4B900BEDBCF /* Assets.xcassets */,
				D05E5C501DC7A4B900BEDBCF /* LaunchScreen.storyboard */,
				D05E5C531DC7A4B900BEDBCF /* Info.plist */,
				D05E5C421DC7A4B900BEDBCF /* Supporting Files */,
			);
			path = DigitalPayCodeDemo;
			sourceTree = "<group>";
		};
		D05E5C421DC7A4B900BEDBCF /* Supporting Files */ = {
			isa = PBXGroup;
			children = (
				D05E5C431DC7A4B900BEDBCF /* main.m */,
			);
			name = "Supporting Files";
			sourceTree = "<group>";
		};
/* End PBXGroup section */

/* Begin PBXNativeTarget section */
		D05E5C3E1DC7A4B900BEDBCF /* DigitalPayCodeDemo */ = {
			isa = PBXNativeTarget;
			buildConfigurationList = D05E5C561DC7A4B900BEDBCF /* Build configuration list for PBXNativeTarget "DigitalPayCodeDemo" */;
			buildPhases = (
				D05E5C3B1DC7A4B900BEDBCF /* Sources */,
				D05E5C3C1DC7A4B900BEDBCF /* Frameworks */,
				D05E5C3D1DC7A4B900BEDBCF /* Resources */,
			);
			buildRules = (
			);
			dependencies = (
			);
			name = DigitalPayCodeDemo;
			productName = DigitalPayCodeDemo;
			productReference = D05E5C3F1DC7A4B900BEDBCF /* DigitalPayCodeDemo.app */;
			productType = "com.apple.product-type.application";
		};
/* End PBXNativeTarget section */

/* Begin PBXProject section */
		D05E5C371DC7A4B900BEDBCF /* Project object */ = {
			isa = PBXProject;
			attributes = {
				LastUpgradeCheck = 0800;
				ORGANIZATIONNAME = "陈博文";
				TargetAttributes = {
					D05E5C3E1DC7A4B900BEDBCF = {
						CreatedOnToolsVersion = 8.0;
						DevelopmentTeam = 39CU25G7Z2;
						ProvisioningStyle = Automatic;
					};
				};
			};
			buildConfigurationList = D05E5C3A1DC7A4B900BEDBCF /* Build configuration list for PBXProject "DigitalPayCodeDemo" */;
			compatibilityVersion = "Xcode 3.2";
			developmentRegion = English;
			hasScannedForEncodings = 0;
			knownRegions = (
				en,
				Base,
			);
			mainGroup = D05E5C361DC7A4B900BEDBCF;
			productRefGroup = D05E5C401DC7A4B900BEDBCF /* Products */;
			projectDirPath = "";
			projectRoot = "";
			targets = (
				D05E5C3E1DC7A4B900BEDBCF /* DigitalPayCodeDemo */,
			);
		};
/* End PBXProject section */

/* Begin PBXResourcesBuildPhase section */
		D05E5C3D1DC7A4B900BEDBCF /* Resources */ = {
			isa = PBXResourcesBuildPhase;
			buildActionMask = 2147483647;
			files = (
				D05E5C521DC7A4B900BEDBCF /* LaunchScreen.storyboard in Resources */,
				D05E5C4F1DC7A4B900BEDBCF /* Assets.xcassets in Resources */,
				D05E5C4D1DC7A4B900BEDBCF /* Main.storyboard in Resources */,
			);
			runOnlyForDeploymentPostprocessing = 0;
		};
/* End PBXResourcesBuildPhase section */

/* Begin PBXSourcesBuildPhase section */
		D05E5C3B1DC7A4B900BEDBCF /* Sources */ = {
			isa = PBXSourcesBuildPhase;
			buildActionMask = 2147483647;
			files = (
				D05E5C4A1DC7A4B900BEDBCF /* ViewController.m in Sources */,
				D05E5C5B1DC7A4DC00BEDBCF /* CBWDigitalPayView.m in Sources */,
				D05E5C471DC7A4B900BEDBCF /* AppDelegate.m in Sources */,
				D05E5C441DC7A4B900BEDBCF /* main.m in Sources */,
			);
			runOnlyForDeploymentPostprocessing = 0;
		};
/* End PBXSourcesBuildPhase section */

/* Begin PBXVariantGroup section */
		D05E5C4B1DC7A4B900BEDBCF /* Main.storyboard */ = {
			isa = PBXVariantGroup;
			children = (
				D05E5C4C1DC7A4B900BEDBCF /* Base */,
			);
			name = Main.storyboard;
			sourceTree = "<group>";
		};
		D05E5C501DC7A4B900BEDBCF /* LaunchScreen.storyboard */ = {
			isa = PBXVariantGroup;
			children = (
				D05E5C511DC7A4B900BEDBCF /* Base */,
			);
			name = LaunchScreen.storyboard;
			sourceTree = "<group>";
		};
/* End PBXVariantGroup section */

/* Begin XCBuildConfiguration section */
		D05E5C541DC7A4B900BEDBCF /* Debug */ = {
			isa = XCBuildConfiguration;
			buildSettings = {
				ALWAYS_SEARCH_USER_PATHS = NO;
				CLANG_ANALYZER_NONNULL = YES;
				CLANG_CXX_LANGUAGE_STANDARD = "gnu++0x";
				CLANG_CXX_LIBRARY = "libc++";
				CLANG_ENABLE_MODULES = YES;
				CLANG_ENABLE_OBJC_ARC = YES;
				CLANG_WARN_BOOL_CONVERSION = YES;
				CLANG_WARN_CONSTANT_CONVERSION = YES;
				CLANG_WARN_DIRECT_OBJC_ISA_USAGE = YES_ERROR;
				CLANG_WARN_DOCUMENTATION_COMMENTS = YES;
				CLANG_WARN_EMPTY_BODY = YES;
				CLANG_WARN_ENUM_CONVERSION = YES;
				CLANG_WARN_INFINITE_RECURSION = YES;
				CLANG_WARN_INT_CONVERSION = YES;
				CLANG_WARN_OBJC_ROOT_CLASS = YES_ERROR;
				CLANG_WARN_SUSPICIOUS_MOVES = YES;
				CLANG_WARN_UNREACHABLE_CODE = YES;
				CLANG_WARN__DUPLICATE_METHOD_MATCH = YES;
				"CODE_SIGN_IDENTITY[sdk=iphoneos*]" = "iPhone Developer";
				COPY_PHASE_STRIP = NO;
				DEBUG_INFORMATION_FORMAT = dwarf;
				ENABLE_STRICT_OBJC_MSGSEND = YES;
				ENABLE_TESTABILITY = YES;
				GCC_C_LANGUAGE_STANDARD = gnu99;
				GCC_DYNAMIC_NO_PIC = NO;
				GCC_NO_COMMON_BLOCKS = YES;
				GCC_OPTIMIZATION_LEVEL = 0;
				GCC_PREPROCESSOR_DEFINITIONS = (
					"DEBUG=1",
					"$(inherited)",
				);
				GCC_WARN_64_TO_32_BIT_CONVERSION = YES;
				GCC_WARN_ABOUT_RETURN_TYPE = YES_ERROR;
				GCC_WARN_UNDECLARED_SELECTOR = YES;
				GCC_WARN_UNINITIALIZED_AUTOS = YES_AGGRESSIVE;
				GCC_WARN_UNUSED_FUNCTION = YES;
				GCC_WARN_UNUSED_VARIABLE = YES;
				IPHONEOS_DEPLOYMENT_TARGET = 10.0;
				MTL_ENABLE_DEBUG_INFO = YES;
				ONLY_ACTIVE_ARCH = YES;
				SDKROOT = iphoneos;
				TARGETED_DEVICE_FAMILY = "1,2";
			};
			name = Debug;
		};
		D05E5C551DC7A4B900BEDBCF /* Release */ = {
			isa = XCBuildConfiguration;
			buildSettings = {
				ALWAYS_SEARCH_USER_PATHS = NO;
				CLANG_ANALYZER_NONNULL = YES;
				CLANG_CXX_LANGUAGE_STANDARD = "gnu++0x";
				CLANG_CXX_LIBRARY = "libc++";
				CLANG_ENABLE_MODULES = YES;
				CLANG_ENABLE_OBJC_ARC = YES;
				CLANG_WARN_BOOL_CONVERSION = YES;
				CLANG_WARN_CONSTANT_CONVERSION = YES;
				CLANG_WARN_DIRECT_OBJC_ISA_USAGE = YES_ERROR;
				CLANG_WARN_DOCUMENTATION_COMMENTS = YES;
				CLANG_WARN_EMPTY_BODY = YES;
				CLANG_WARN_ENUM_CONVERSION = YES;
				CLANG_WARN_INFINITE_RECURSION = YES;
				CLANG_WARN_INT_CONVERSION = YES;
				CLANG_WARN_OBJC_ROOT_CLASS = YES_ERROR;
				CLANG_WARN_SUSPICIOUS_MOVES = YES;
				CLANG_WARN_UNREACHABLE_CODE = YES;
				CLANG_WARN__DUPLICATE_METHOD_MATCH = YES;
				"CODE_SIGN_IDENTITY[sdk=iphoneos*]" = "iPhone Developer";
				COPY_PHASE_STRIP = NO;
				DEBUG_INFORMATION_FORMAT = "dwarf-with-dsym";
				ENABLE_NS_ASSERTIONS = NO;
				ENABLE_STRICT_OBJC_MSGSEND = YES;
				GCC_C_LANGUAGE_STANDARD = gnu99;
				GCC_NO_COMMON_BLOCKS = YES;
				GCC_WARN_64_TO_32_BIT_CONVERSION = YES;
				GCC_WARN_ABOUT_RETURN_TYPE = YES_ERROR;
				GCC_WARN_UNDECLARED_SELECTOR = YES;
				GCC_WARN_UNINITIALIZED_AUTOS = YES_AGGRESSIVE;
				GCC_WARN_UNUSED_FUNCTION = YES;
				GCC_WARN_UNUSED_VARIABLE = YES;
				IPHONEOS_DEPLOYMENT_TARGET = 10.0;
				MTL_ENABLE_DEBUG_INFO = NO;
				SDKROOT = iphoneos;
				TARGETED_DEVICE_FAMILY = "1,2";
				VALIDATE_PRODUCT = YES;
			};
			name = Release;
		};
		D05E5C571DC7A4B900BEDBCF /* Debug */ = {
			isa = XCBuildConfiguration;
			buildSettings = {
				ASSETCATALOG_COMPILER_APPICON_NAME = AppIcon;
				DEVELOPMENT_TEAM = 39CU25G7Z2;
				INFOPLIST_FILE = DigitalPayCodeDemo/Info.plist;
				LD_RUNPATH_SEARCH_PATHS = "$(inherited) @executable_path/Frameworks";
				PRODUCT_BUNDLE_IDENTIFIER = com.cbw.DigitalPayCodeDemo;
				PRODUCT_NAME = "$(TARGET_NAME)";
			};
			name = Debug;
		};
		D05E5C581DC7A4B900BEDBCF /* Release */ = {
			isa = XCBuildConfiguration;
			buildSettings = {
				ASSETCATALOG_COMPILER_APPICON_NAME = AppIcon;
				DEVELOPMENT_TEAM = 39CU25G7Z2;
				INFOPLIST_FILE = DigitalPayCodeDemo/Info.plist;
				LD_RUNPATH_SEARCH_PATHS = "$(inherited) @executable_path/Frameworks";
				PRODUCT_BUNDLE_IDENTIFIER = com.cbw.DigitalPayCodeDemo;
				PRODUCT_NAME = "$(TARGET_NAME)";
			};
			name = Release;
		};
/* End XCBuildConfiguration section */

/* Begin XCConfigurationList section */
		D05E5C3A1DC7A4B900BEDBCF /* Build configuration list for PBXProject "DigitalPayCodeDemo" */ = {
			isa = XCConfigurationList;
			buildConfigurations = (
				D05E5C541DC7A4B900BEDBCF /* Debug */,
				D05E5C551DC7A4B900BEDBCF /* Release */,
			);
			defaultConfigurationIsVisible = 0;
			defaultConfigurationName = Release;
		};
		D05E5C561DC7A4B900BEDBCF /* Build configuration list for PBXNativeTarget "DigitalPayCodeDemo" */ = {
			isa = XCConfigurationList;
			buildConfigurations = (
				D05E5C571DC7A4B900BEDBCF /* Debug */,
				D05E5C581DC7A4B900BEDBCF /* Release */,
			);
			defaultConfigurationIsVisible = 0;
		};
/* End XCConfigurationList section */
	};
	rootObject = D05E5C371DC7A4B900BEDBCF /* Project object */;
}
